// !$*UTF8*$!
{
	archiveVersion = 1;
	classes = {
	};
	objectVersion = 56;
	objects = {

/* Begin PBXBuildFile section */
		801C1E4E2BCFE4FF00B8763C /* Assets.xcassets in Resources */ = {isa = PBXBuildFile; fileRef = 801C1E4D2BCFE4FF00B8763C /* Assets.xcassets */; };
		801C1E512BCFE4FF00B8763C /* Preview Assets.xcassets in Resources */ = {isa = PBXBuildFile; fileRef = 801C1E502BCFE4FF00B8763C /* Preview Assets.xcassets */; };
		801C1E692BCFE66C00B8763C /* FirebaseAnalytics in Frameworks */ = {isa = PBXBuildFile; productRef = 801C1E682BCFE66C00B8763C /* FirebaseAnalytics */; };
		801C1E6B2BCFE66C00B8763C /* FirebaseAnalyticsOnDeviceConversion in Frameworks */ = {isa = PBXBuildFile; productRef = 801C1E6A2BCFE66C00B8763C /* FirebaseAnalyticsOnDeviceConversion */; };
		801C1E6D2BCFE66C00B8763C /* FirebaseAnalyticsSwift in Frameworks */ = {isa = PBXBuildFile; productRef = 801C1E6C2BCFE66C00B8763C /* FirebaseAnalyticsSwift */; };
		801C1E6F2BCFE66C00B8763C /* FirebaseAnalyticsWithoutAdIdSupport in Frameworks */ = {isa = PBXBuildFile; productRef = 801C1E6E2BCFE66C00B8763C /* FirebaseAnalyticsWithoutAdIdSupport */; };
		801C1E712BCFE66C00B8763C /* FirebaseAppCheck in Frameworks */ = {isa = PBXBuildFile; productRef = 801C1E702BCFE66C00B8763C /* FirebaseAppCheck */; };
		801C1E732BCFE68B00B8763C /* User.swift in Sources */ = {isa = PBXBuildFile; fileRef = 801C1E722BCFE68B00B8763C /* User.swift */; };
		801C1E752BCFE6B900B8763C /* AuthenticationViewModel.swift in Sources */ = {isa = PBXBuildFile; fileRef = 801C1E742BCFE6B900B8763C /* AuthenticationViewModel.swift */; };
		801C1E772BCFE6D600B8763C /* SignInView.swift in Sources */ = {isa = PBXBuildFile; fileRef = 801C1E762BCFE6D600B8763C /* SignInView.swift */; };
		801C1E792BCFE6F700B8763C /* ContentView.swift in Sources */ = {isa = PBXBuildFile; fileRef = 801C1E782BCFE6F700B8763C /* ContentView.swift */; };
		801C1E7B2BCFE70D00B8763C /* MyApp.swift in Sources */ = {isa = PBXBuildFile; fileRef = 801C1E7A2BCFE70D00B8763C /* MyApp.swift */; };
		801C1E7F2BCFE78F00B8763C /* GoogleService-Info.plist in Resources */ = {isa = PBXBuildFile; fileRef = 801C1E7E2BCFE78F00B8763C /* GoogleService-Info.plist */; };
		801C1E812BCFE7C500B8763C /* FirebaseAnalytics in Frameworks */ = {isa = PBXBuildFile; productRef = 801C1E802BCFE7C500B8763C /* FirebaseAnalytics */; };
		801C1E832BCFE7C500B8763C /* FirebaseAnalyticsOnDeviceConversion in Frameworks */ = {isa = PBXBuildFile; productRef = 801C1E822BCFE7C500B8763C /* FirebaseAnalyticsOnDeviceConversion */; };
		801C1E852BCFE7C500B8763C /* FirebaseAnalyticsSwift in Frameworks */ = {isa = PBXBuildFile; productRef = 801C1E842BCFE7C500B8763C /* FirebaseAnalyticsSwift */; };
		801C1E872BCFE7C500B8763C /* FirebaseAnalyticsWithoutAdIdSupport in Frameworks */ = {isa = PBXBuildFile; productRef = 801C1E862BCFE7C500B8763C /* FirebaseAnalyticsWithoutAdIdSupport */; };
		801C1E892BCFE7C500B8763C /* FirebaseAppCheck in Frameworks */ = {isa = PBXBuildFile; productRef = 801C1E882BCFE7C500B8763C /* FirebaseAppCheck */; };
		801C1E8B2BCFE82100B8763C /* FirebaseAnalytics in Frameworks */ = {isa = PBXBuildFile; productRef = 801C1E8A2BCFE82100B8763C /* FirebaseAnalytics */; };
		801C1E8D2BCFE82100B8763C /* FirebaseAnalyticsOnDeviceConversion in Frameworks */ = {isa = PBXBuildFile; productRef = 801C1E8C2BCFE82100B8763C /* FirebaseAnalyticsOnDeviceConversion */; };
		801C1E8F2BCFE82100B8763C /* FirebaseAnalyticsSwift in Frameworks */ = {isa = PBXBuildFile; productRef = 801C1E8E2BCFE82100B8763C /* FirebaseAnalyticsSwift */; };
		801C1E912BCFE82100B8763C /* FirebaseAnalyticsWithoutAdIdSupport in Frameworks */ = {isa = PBXBuildFile; productRef = 801C1E902BCFE82100B8763C /* FirebaseAnalyticsWithoutAdIdSupport */; };
		801C1E932BCFE82100B8763C /* FirebaseAppCheck in Frameworks */ = {isa = PBXBuildFile; productRef = 801C1E922BCFE82100B8763C /* FirebaseAppCheck */; };
		801C1E952BCFE82100B8763C /* FirebaseAppDistribution-Beta in Frameworks */ = {isa = PBXBuildFile; productRef = 801C1E942BCFE82100B8763C /* FirebaseAppDistribution-Beta */; };
		801C1E972BCFE82100B8763C /* FirebaseAuth in Frameworks */ = {isa = PBXBuildFile; productRef = 801C1E962BCFE82100B8763C /* FirebaseAuth */; };
		801C1E992BCFE82100B8763C /* FirebaseAuthCombine-Community in Frameworks */ = {isa = PBXBuildFile; productRef = 801C1E982BCFE82100B8763C /* FirebaseAuthCombine-Community */; };
		801C1E9B2BCFE82100B8763C /* FirebaseCrashlytics in Frameworks */ = {isa = PBXBuildFile; productRef = 801C1E9A2BCFE82100B8763C /* FirebaseCrashlytics */; };
		801C1E9D2BCFE82100B8763C /* FirebaseDatabase in Frameworks */ = {isa = PBXBuildFile; productRef = 801C1E9C2BCFE82100B8763C /* FirebaseDatabase */; };
		801C1E9F2BCFE82100B8763C /* FirebaseDatabaseSwift in Frameworks */ = {isa = PBXBuildFile; productRef = 801C1E9E2BCFE82100B8763C /* FirebaseDatabaseSwift */; };
		801C1EA12BCFE8DF00B8763C /* AppDelegate.swift in Sources */ = {isa = PBXBuildFile; fileRef = 801C1EA02BCFE8DF00B8763C /* AppDelegate.swift */; };
		801C1EA52BCFED7C00B8763C /* HomeView.swift in Sources */ = {isa = PBXBuildFile; fileRef = 801C1EA42BCFED7C00B8763C /* HomeView.swift */; };
/* End PBXBuildFile section */

/* Begin PBXFileReference section */
		801C1E462BCFE4FC00B8763C /* Assignment4.app */ = {isa = PBXFileReference; explicitFileType = wrapper.application; includeInIndex = 0; path = Assignment4.app; sourceTree = BUILT_PRODUCTS_DIR; };
		801C1E4D2BCFE4FF00B8763C /* Assets.xcassets */ = {isa = PBXFileReference; lastKnownFileType = folder.assetcatalog; path = Assets.xcassets; sourceTree = "<group>"; };
		801C1E502BCFE4FF00B8763C /* Preview Assets.xcassets */ = {isa = PBXFileReference; lastKnownFileType = folder.assetcatalog; path = "Preview Assets.xcassets"; sourceTree = "<group>"; };
		801C1E722BCFE68B00B8763C /* User.swift */ = {isa = PBXFileReference; lastKnownFileType = sourcecode.swift; path = User.swift; sourceTree = "<group>"; };
		801C1E742BCFE6B900B8763C /* AuthenticationViewModel.swift */ = {isa = PBXFileReference; lastKnownFileType = sourcecode.swift; path = AuthenticationViewModel.swift; sourceTree = "<group>"; };
		801C1E762BCFE6D600B8763C /* SignInView.swift */ = {isa = PBXFileReference; lastKnownFileType = sourcecode.swift; path = SignInView.swift; sourceTree = "<group>"; };
		801C1E782BCFE6F700B8763C /* ContentView.swift */ = {isa = PBXFileReference; lastKnownFileType = sourcecode.swift; path = ContentView.swift; sourceTree = "<group>"; };
		801C1E7A2BCFE70D00B8763C /* MyApp.swift */ = {isa = PBXFileReference; lastKnownFileType = sourcecode.swift; path = MyApp.swift; sourceTree = "<group>"; };
		801C1E7E2BCFE78F00B8763C /* GoogleService-Info.plist */ = {isa = PBXFileReference; fileEncoding = 4; lastKnownFileType = text.plist.xml; name = "GoogleService-Info.plist"; path = "../../../.Trash/GoogleService-Info.plist"; sourceTree = "<group>"; };
		801C1EA02BCFE8DF00B8763C /* AppDelegate.swift */ = {isa = PBXFileReference; lastKnownFileType = sourcecode.swift; path = AppDelegate.swift; sourceTree = "<group>"; };
		801C1EA42BCFED7C00B8763C /* HomeView.swift */ = {isa = PBXFileReference; lastKnownFileType = sourcecode.swift; path = HomeView.swift; sourceTree = "<group>"; };
/* End PBXFileReference section */

/* Begin PBXFrameworksBuildPhase section */
		801C1E432BCFE4FC00B8763C /* Frameworks */ = {
			isa = PBXFrameworksBuildPhase;
			buildActionMask = 2147483647;
			files = (
				801C1E9F2BCFE82100B8763C /* FirebaseDatabaseSwift in Frameworks */,
				801C1E6D2BCFE66C00B8763C /* FirebaseAnalyticsSwift in Frameworks */,
				801C1E992BCFE82100B8763C /* FirebaseAuthCombine-Community in Frameworks */,
				801C1E692BCFE66C00B8763C /* FirebaseAnalytics in Frameworks */,
				801C1E972BCFE82100B8763C /* FirebaseAuth in Frameworks */,
				801C1E812BCFE7C500B8763C /* FirebaseAnalytics in Frameworks */,
				801C1E832BCFE7C500B8763C /* FirebaseAnalyticsOnDeviceConversion in Frameworks */,
				801C1E852BCFE7C500B8763C /* FirebaseAnalyticsSwift in Frameworks */,
				801C1E6B2BCFE66C00B8763C /* FirebaseAnalyticsOnDeviceConversion in Frameworks */,
				801C1E8B2BCFE82100B8763C /* FirebaseAnalytics in Frameworks */,
				801C1E952BCFE82100B8763C /* FirebaseAppDistribution-Beta in Frameworks */,
				801C1E9D2BCFE82100B8763C /* FirebaseDatabase in Frameworks */,
				801C1E8D2BCFE82100B8763C /* FirebaseAnalyticsOnDeviceConversion in Frameworks */,
				801C1E712BCFE66C00B8763C /* FirebaseAppCheck in Frameworks */,
				801C1E8F2BCFE82100B8763C /* FirebaseAnalyticsSwift in Frameworks */,
				801C1E872BCFE7C500B8763C /* FirebaseAnalyticsWithoutAdIdSupport in Frameworks */,
				801C1E9B2BCFE82100B8763C /* FirebaseCrashlytics in Frameworks */,
				801C1E912BCFE82100B8763C /* FirebaseAnalyticsWithoutAdIdSupport in Frameworks */,
				801C1E892BCFE7C500B8763C /* FirebaseAppCheck in Frameworks */,
				801C1E932BCFE82100B8763C /* FirebaseAppCheck in Frameworks */,
				801C1E6F2BCFE66C00B8763C /* FirebaseAnalyticsWithoutAdIdSupport in Frameworks */,
			);
			runOnlyForDeploymentPostprocessing = 0;
		};
/* End PBXFrameworksBuildPhase section */

/* Begin PBXGroup section */
		801C1E3D2BCFE4FC00B8763C = {
			isa = PBXGroup;
			children = (
				801C1E482BCFE4FC00B8763C /* Assignment4 */,
				801C1E472BCFE4FC00B8763C /* Products */,
			);
			sourceTree = "<group>";
		};
		801C1E472BCFE4FC00B8763C /* Products */ = {
			isa = PBXGroup;
			children = (
				801C1E462BCFE4FC00B8763C /* Assignment4.app */,
			);
			name = Products;
			sourceTree = "<group>";
		};
		801C1E482BCFE4FC00B8763C /* Assignment4 */ = {
			isa = PBXGroup;
			children = (
				801C1E7E2BCFE78F00B8763C /* GoogleService-Info.plist */,
				801C1E722BCFE68B00B8763C /* User.swift */,
				801C1E7A2BCFE70D00B8763C /* MyApp.swift */,
				801C1E742BCFE6B900B8763C /* AuthenticationViewModel.swift */,
				801C1EA02BCFE8DF00B8763C /* AppDelegate.swift */,
				801C1EA42BCFED7C00B8763C /* HomeView.swift */,
				801C1E782BCFE6F700B8763C /* ContentView.swift */,
				801C1E762BCFE6D600B8763C /* SignInView.swift */,
				801C1E4D2BCFE4FF00B8763C /* Assets.xcassets */,
				801C1E4F2BCFE4FF00B8763C /* Preview Content */,
			);
			path = Assignment4;
			sourceTree = "<group>";
		};
		801C1E4F2BCFE4FF00B8763C /* Preview Content */ = {
			isa = PBXGroup;
			children = (
				801C1E502BCFE4FF00B8763C /* Preview Assets.xcassets */,
			);
			path = "Preview Content";
			sourceTree = "<group>";
		};
/* End PBXGroup section */

/* Begin PBXNativeTarget section */
		801C1E452BCFE4FC00B8763C /* Assignment4 */ = {
			isa = PBXNativeTarget;
			buildConfigurationList = 801C1E542BCFE4FF00B8763C /* Build configuration list for PBXNativeTarget "Assignment4" */;
			buildPhases = (
				801C1E422BCFE4FC00B8763C /* Sources */,
				801C1E432BCFE4FC00B8763C /* Frameworks */,
				801C1E442BCFE4FC00B8763C /* Resources */,
			);
			buildRules = (
			);
			dependencies = (
			);
			name = Assignment4;
			packageProductDependencies = (
				801C1E682BCFE66C00B8763C /* FirebaseAnalytics */,
				801C1E6A2BCFE66C00B8763C /* FirebaseAnalyticsOnDeviceConversion */,
				801C1E6C2BCFE66C00B8763C /* FirebaseAnalyticsSwift */,
				801C1E6E2BCFE66C00B8763C /* FirebaseAnalyticsWithoutAdIdSupport */,
				801C1E702BCFE66C00B8763C /* FirebaseAppCheck */,
				801C1E802BCFE7C500B8763C /* FirebaseAnalytics */,
				801C1E822BCFE7C500B8763C /* FirebaseAnalyticsOnDeviceConversion */,
				801C1E842BCFE7C500B8763C /* FirebaseAnalyticsSwift */,
				801C1E862BCFE7C500B8763C /* FirebaseAnalyticsWithoutAdIdSupport */,
				801C1E882BCFE7C500B8763C /* FirebaseAppCheck */,
				801C1E8A2BCFE82100B8763C /* FirebaseAnalytics */,
				801C1E8C2BCFE82100B8763C /* FirebaseAnalyticsOnDeviceConversion */,
				801C1E8E2BCFE82100B8763C /* FirebaseAnalyticsSwift */,
				801C1E902BCFE82100B8763C /* FirebaseAnalyticsWithoutAdIdSupport */,
				801C1E922BCFE82100B8763C /* FirebaseAppCheck */,
				801C1E942BCFE82100B8763C /* FirebaseAppDistribution-Beta */,
				801C1E962BCFE82100B8763C /* FirebaseAuth */,
				801C1E982BCFE82100B8763C /* FirebaseAuthCombine-Community */,
				801C1E9A2BCFE82100B8763C /* FirebaseCrashlytics */,
				801C1E9C2BCFE82100B8763C /* FirebaseDatabase */,
				801C1E9E2BCFE82100B8763C /* FirebaseDatabaseSwift */,
			);
			productName = Assignment4;
			productReference = 801C1E462BCFE4FC00B8763C /* Assignment4.app */;
			productType = "com.apple.product-type.application";
		};
/* End PBXNativeTarget section */

/* Begin PBXProject section */
		801C1E3E2BCFE4FC00B8763C /* Project object */ = {
			isa = PBXProject;
			attributes = {
				BuildIndependentTargetsInParallel = 1;
				LastSwiftUpdateCheck = 1520;
				LastUpgradeCheck = 1520;
				TargetAttributes = {
					801C1E452BCFE4FC00B8763C = {
						CreatedOnToolsVersion = 15.2;
						LastSwiftMigration = 1520;
					};
				};
			};
			buildConfigurationList = 801C1E412BCFE4FC00B8763C /* Build configuration list for PBXProject "Assignment4" */;
			compatibilityVersion = "Xcode 14.0";
			developmentRegion = en;
			hasScannedForEncodings = 0;
			knownRegions = (
				en,
				Base,
			);
			mainGroup = 801C1E3D2BCFE4FC00B8763C;
			packageReferences = (
				801C1E672BCFE66C00B8763C /* XCRemoteSwiftPackageReference "firebase-ios-sdk" */,
			);
			productRefGroup = 801C1E472BCFE4FC00B8763C /* Products */;
			projectDirPath = "";
			projectRoot = "";
			targets = (
				801C1E452BCFE4FC00B8763C /* Assignment4 */,
			);
		};
/* End PBXProject section */

/* Begin PBXResourcesBuildPhase section */
		801C1E442BCFE4FC00B8763C /* Resources */ = {
			isa = PBXResourcesBuildPhase;
			buildActionMask = 2147483647;
			files = (
				801C1E512BCFE4FF00B8763C /* Preview Assets.xcassets in Resources */,
				801C1E4E2BCFE4FF00B8763C /* Assets.xcassets in Resources */,
				801C1E7F2BCFE78F00B8763C /* GoogleService-Info.plist in Resources */,
			);
			runOnlyForDeploymentPostprocessing = 0;
		};
/* End PBXResourcesBuildPhase section */

/* Begin PBXSourcesBuildPhase section */
		801C1E422BCFE4FC00B8763C /* Sources */ = {
			isa = PBXSourcesBuildPhase;
			buildActionMask = 2147483647;
			files = (
				801C1EA12BCFE8DF00B8763C /* AppDelegate.swift in Sources */,
				801C1EA52BCFED7C00B8763C /* HomeView.swift in Sources */,
				801C1E772BCFE6D600B8763C /* SignInView.swift in Sources */,
				801C1E752BCFE6B900B8763C /* AuthenticationViewModel.swift in Sources */,
				801C1E792BCFE6F700B8763C /* ContentView.swift in Sources */,
				801C1E7B2BCFE70D00B8763C /* MyApp.swift in Sources */,
				801C1E732BCFE68B00B8763C /* User.swift in Sources */,
			);
			runOnlyForDeploymentPostprocessing = 0;
		};
/* End PBXSourcesBuildPhase section */

/* Begin XCBuildConfiguration section */
		801C1E522BCFE4FF00B8763C /* Debug */ = {
			isa = XCBuildConfiguration;
			buildSettings = {
				ALWAYS_SEARCH_USER_PATHS = NO;
				ASSETCATALOG_COMPILER_GENERATE_SWIFT_ASSET_SYMBOL_EXTENSIONS = YES;
				CLANG_ANALYZER_NONNULL = YES;
				CLANG_ANALYZER_NUMBER_OBJECT_CONVERSION = YES_AGGRESSIVE;
				CLANG_CXX_LANGUAGE_STANDARD = "gnu++20";
				CLANG_ENABLE_MODULES = YES;
				CLANG_ENABLE_OBJC_ARC = YES;
				CLANG_ENABLE_OBJC_WEAK = YES;
				CLANG_WARN_BLOCK_CAPTURE_AUTORELEASING = YES;
				CLANG_WARN_BOOL_CONVERSION = YES;
				CLANG_WARN_COMMA = YES;
				CLANG_WARN_CONSTANT_CONVERSION = YES;
				CLANG_WARN_DEPRECATED_OBJC_IMPLEMENTATIONS = YES;
				CLANG_WARN_DIRECT_OBJC_ISA_USAGE = YES_ERROR;
				CLANG_WARN_DOCUMENTATION_COMMENTS = YES;
				CLANG_WARN_EMPTY_BODY = YES;
				CLANG_WARN_ENUM_CONVERSION = YES;
				CLANG_WARN_INFINITE_RECURSION = YES;
				CLANG_WARN_INT_CONVERSION = YES;
				CLANG_WARN_NON_LITERAL_NULL_CONVERSION = YES;
				CLANG_WARN_OBJC_IMPLICIT_RETAIN_SELF = YES;
				CLANG_WARN_OBJC_LITERAL_CONVERSION = YES;
				CLANG_WARN_OBJC_ROOT_CLASS = YES_ERROR;
				CLANG_WARN_QUOTED_INCLUDE_IN_FRAMEWORK_HEADER = YES;
				CLANG_WARN_RANGE_LOOP_ANALYSIS = YES;
				CLANG_WARN_STRICT_PROTOTYPES = YES;
				CLANG_WARN_SUSPICIOUS_MOVE = YES;
				CLANG_WARN_UNGUARDED_AVAILABILITY = YES_AGGRESSIVE;
				CLANG_WARN_UNREACHABLE_CODE = YES;
				CLANG_WARN__DUPLICATE_METHOD_MATCH = YES;
				COPY_PHASE_STRIP = NO;
				DEBUG_INFORMATION_FORMAT = dwarf;
				ENABLE_STRICT_OBJC_MSGSEND = YES;
				ENABLE_TESTABILITY = YES;
				ENABLE_USER_SCRIPT_SANDBOXING = YES;
				GCC_C_LANGUAGE_STANDARD = gnu17;
				GCC_DYNAMIC_NO_PIC = NO;
				GCC_NO_COMMON_BLOCKS = YES;
				GCC_OPTIMIZATION_LEVEL = 0;
				GCC_PREPROCESSOR_DEFINITIONS = (
					"DEBUG=1",
					"$(inherited)",
				);
				GCC_WARN_64_TO_32_BIT_CONVERSION = YES;
				GCC_WARN_ABOUT_RETURN_TYPE = YES_ERROR;
				GCC_WARN_UNDECLARED_SELECTOR = YES;
				GCC_WARN_UNINITIALIZED_AUTOS = YES_AGGRESSIVE;
				GCC_WARN_UNUSED_FUNCTION = YES;
				GCC_WARN_UNUSED_VARIABLE = YES;
				IPHONEOS_DEPLOYMENT_TARGET = 17.2;
				LOCALIZATION_PREFERS_STRING_CATALOGS = YES;
				MTL_ENABLE_DEBUG_INFO = INCLUDE_SOURCE;
				MTL_FAST_MATH = YES;
				ONLY_ACTIVE_ARCH = YES;
				SDKROOT = iphoneos;
				SWIFT_ACTIVE_COMPILATION_CONDITIONS = "DEBUG $(inherited)";
				SWIFT_OPTIMIZATION_LEVEL = "-Onone";
			};
			name = Debug;
		};
		801C1E532BCFE4FF00B8763C /* Release */ = {
			isa = XCBuildConfiguration;
			buildSettings = {
				ALWAYS_SEARCH_USER_PATHS = NO;
				ASSETCATALOG_COMPILER_GENERATE_SWIFT_ASSET_SYMBOL_EXTENSIONS = YES;
				CLANG_ANALYZER_NONNULL = YES;
				CLANG_ANALYZER_NUMBER_OBJECT_CONVERSION = YES_AGGRESSIVE;
				CLANG_CXX_LANGUAGE_STANDARD = "gnu++20";
				CLANG_ENABLE_MODULES = YES;
				CLANG_ENABLE_OBJC_ARC = YES;
				CLANG_ENABLE_OBJC_WEAK = YES;
				CLANG_WARN_BLOCK_CAPTURE_AUTORELEASING = YES;
				CLANG_WARN_BOOL_CONVERSION = YES;
				CLANG_WARN_COMMA = YES;
				CLANG_WARN_CONSTANT_CONVERSION = YES;
				CLANG_WARN_DEPRECATED_OBJC_IMPLEMENTATIONS = YES;
				CLANG_WARN_DIRECT_OBJC_ISA_USAGE = YES_ERROR;
				CLANG_WARN_DOCUMENTATION_COMMENTS = YES;
				CLANG_WARN_EMPTY_BODY = YES;
				CLANG_WARN_ENUM_CONVERSION = YES;
				CLANG_WARN_INFINITE_RECURSION = YES;
				CLANG_WARN_INT_CONVERSION = YES;
				CLANG_WARN_NON_LITERAL_NULL_CONVERSION = YES;
				CLANG_WARN_OBJC_IMPLICIT_RETAIN_SELF = YES;
				CLANG_WARN_OBJC_LITERAL_CONVERSION = YES;
				CLANG_WARN_OBJC_ROOT_CLASS = YES_ERROR;
				CLANG_WARN_QUOTED_INCLUDE_IN_FRAMEWORK_HEADER = YES;
				CLANG_WARN_RANGE_LOOP_ANALYSIS = YES;
				CLANG_WARN_STRICT_PROTOTYPES = YES;
				CLANG_WARN_SUSPICIOUS_MOVE = YES;
				CLANG_WARN_UNGUARDED_AVAILABILITY = YES_AGGRESSIVE;
				CLANG_WARN_UNREACHABLE_CODE = YES;
				CLANG_WARN__DUPLICATE_METHOD_MATCH = YES;
				COPY_PHASE_STRIP = NO;
				DEBUG_INFORMATION_FORMAT = "dwarf-with-dsym";
				ENABLE_NS_ASSERTIONS = NO;
				ENABLE_STRICT_OBJC_MSGSEND = YES;
				ENABLE_USER_SCRIPT_SANDBOXING = YES;
				GCC_C_LANGUAGE_STANDARD = gnu17;
				GCC_NO_COMMON_BLOCKS = YES;
				GCC_WARN_64_TO_32_BIT_CONVERSION = YES;
				GCC_WARN_ABOUT_RETURN_TYPE = YES_ERROR;
				GCC_WARN_UNDECLARED_SELECTOR = YES;
				GCC_WARN_UNINITIALIZED_AUTOS = YES_AGGRESSIVE;
				GCC_WARN_UNUSED_FUNCTION = YES;
				GCC_WARN_UNUSED_VARIABLE = YES;
				IPHONEOS_DEPLOYMENT_TARGET = 17.2;
				LOCALIZATION_PREFERS_STRING_CATALOGS = YES;
				MTL_ENABLE_DEBUG_INFO = NO;
				MTL_FAST_MATH = YES;
				SDKROOT = iphoneos;
				SWIFT_COMPILATION_MODE = wholemodule;
				VALIDATE_PRODUCT = YES;
			};
			name = Release;
		};
		801C1E552BCFE4FF00B8763C /* Debug */ = {
			isa = XCBuildConfiguration;
			buildSettings = {
				ASSETCATALOG_COMPILER_APPICON_NAME = AppIcon;
				ASSETCATALOG_COMPILER_GLOBAL_ACCENT_COLOR_NAME = AccentColor;
				CLANG_ENABLE_MODULES = YES;
				CODE_SIGN_STYLE = Automatic;
				CURRENT_PROJECT_VERSION = 1;
				DEVELOPMENT_ASSET_PATHS = "\"Assignment4/Preview Content\"";
				ENABLE_PREVIEWS = YES;
				GENERATE_INFOPLIST_FILE = YES;
				INFOPLIST_KEY_UIApplicationSceneManifest_Generation = YES;
				INFOPLIST_KEY_UIApplicationSupportsIndirectInputEvents = YES;
				INFOPLIST_KEY_UILaunchScreen_Generation = YES;
				INFOPLIST_KEY_UISupportedInterfaceOrientations_iPad = "UIInterfaceOrientationPortrait UIInterfaceOrientationPortraitUpsideDown UIInterfaceOrientationLandscapeLeft UIInterfaceOrientationLandscapeRight";
				INFOPLIST_KEY_UISupportedInterfaceOrientations_iPhone = "UIInterfaceOrientationPortrait UIInterfaceOrientationLandscapeLeft UIInterfaceOrientationLandscapeRight";
				LD_RUNPATH_SEARCH_PATHS = (
					"$(inherited)",
					"@executable_path/Frameworks",
				);
				MARKETING_VERSION = 1.0;
				PRODUCT_BUNDLE_IDENTIFIER = edu.auburn.onlinecsse.Assignment4;
				PRODUCT_NAME = "$(TARGET_NAME)";
				SWIFT_EMIT_LOC_STRINGS = YES;
				SWIFT_OPTIMIZATION_LEVEL = "-Onone";
				SWIFT_VERSION = 5.0;
				TARGETED_DEVICE_FAMILY = "1,2";
			};
			name = Debug;
		};
		801C1E562BCFE4FF00B8763C /* Release */ = {
			isa = XCBuildConfiguration;
			buildSettings = {
				ASSETCATALOG_COMPILER_APPICON_NAME = AppIcon;
				ASSETCATALOG_COMPILER_GLOBAL_ACCENT_COLOR_NAME = AccentColor;
				CLANG_ENABLE_MODULES = YES;
				CODE_SIGN_STYLE = Automatic;
				CURRENT_PROJECT_VERSION = 1;
				DEVELOPMENT_ASSET_PATHS = "\"Assignment4/Preview Content\"";
				ENABLE_PREVIEWS = YES;
				GENERATE_INFOPLIST_FILE = YES;
				INFOPLIST_KEY_UIApplicationSceneManifest_Generation = YES;
				INFOPLIST_KEY_UIApplicationSupportsIndirectInputEvents = YES;
				INFOPLIST_KEY_UILaunchScreen_Generation = YES;
				INFOPLIST_KEY_UISupportedInterfaceOrientations_iPad = "UIInterfaceOrientationPortrait UIInterfaceOrientationPortraitUpsideDown UIInterfaceOrientationLandscapeLeft UIInterfaceOrientationLandscapeRight";
				INFOPLIST_KEY_UISupportedInterfaceOrientations_iPhone = "UIInterfaceOrientationPortrait UIInterfaceOrientationLandscapeLeft UIInterfaceOrientationLandscapeRight";
				LD_RUNPATH_SEARCH_PATHS = (
					"$(inherited)",
					"@executable_path/Frameworks",
				);
				MARKETING_VERSION = 1.0;
				PRODUCT_BUNDLE_IDENTIFIER = edu.auburn.onlinecsse.Assignment4;
				PRODUCT_NAME = "$(TARGET_NAME)";
				SWIFT_EMIT_LOC_STRINGS = YES;
				SWIFT_VERSION = 5.0;
				TARGETED_DEVICE_FAMILY = "1,2";
			};
			name = Release;
		};
/* End XCBuildConfiguration section */

/* Begin XCConfigurationList section */
		801C1E412BCFE4FC00B8763C /* Build configuration list for PBXProject "Assignment4" */ = {
			isa = XCConfigurationList;
			buildConfigurations = (
				801C1E522BCFE4FF00B8763C /* Debug */,
				801C1E532BCFE4FF00B8763C /* Release */,
			);
			defaultConfigurationIsVisible = 0;
			defaultConfigurationName = Release;
		};
		801C1E542BCFE4FF00B8763C /* Build configuration list for PBXNativeTarget "Assignment4" */ = {
			isa = XCConfigurationList;
			buildConfigurations = (
				801C1E552BCFE4FF00B8763C /* Debug */,
				801C1E562BCFE4FF00B8763C /* Release */,
			);
			defaultConfigurationIsVisible = 0;
			defaultConfigurationName = Release;
		};
/* End XCConfigurationList section */

/* Begin XCRemoteSwiftPackageReference section */
		801C1E672BCFE66C00B8763C /* XCRemoteSwiftPackageReference "firebase-ios-sdk" */ = {
			isa = XCRemoteSwiftPackageReference;
			repositoryURL = "https://github.com/firebase/firebase-ios-sdk";
			requirement = {
				kind = upToNextMajorVersion;
				minimumVersion = 10.24.0;
			};
		};
/* End XCRemoteSwiftPackageReference section */

/* Begin XCSwiftPackageProductDependency section */
		801C1E682BCFE66C00B8763C /* FirebaseAnalytics */ = {
			isa = XCSwiftPackageProductDependency;
			package = 801C1E672BCFE66C00B8763C /* XCRemoteSwiftPackageReference "firebase-ios-sdk" */;
			productName = FirebaseAnalytics;
		};
		801C1E6A2BCFE66C00B8763C /* FirebaseAnalyticsOnDeviceConversion */ = {
			isa = XCSwiftPackageProductDependency;
			package = 801C1E672BCFE66C00B8763C /* XCRemoteSwiftPackageReference "firebase-ios-sdk" */;
			productName = FirebaseAnalyticsOnDeviceConversion;
		};
		801C1E6C2BCFE66C00B8763C /* FirebaseAnalyticsSwift */ = {
			isa = XCSwiftPackageProductDependency;
			package = 801C1E672BCFE66C00B8763C /* XCRemoteSwiftPackageReference "firebase-ios-sdk" */;
			productName = FirebaseAnalyticsSwift;
		};
		801C1E6E2BCFE66C00B8763C /* FirebaseAnalyticsWithoutAdIdSupport */ = {
			isa = XCSwiftPackageProductDependency;
			package = 801C1E672BCFE66C00B8763C /* XCRemoteSwiftPackageReference "firebase-ios-sdk" */;
			productName = FirebaseAnalyticsWithoutAdIdSupport;
		};
		801C1E702BCFE66C00B8763C /* FirebaseAppCheck */ = {
			isa = XCSwiftPackageProductDependency;
			package = 801C1E672BCFE66C00B8763C /* XCRemoteSwiftPackageReference "firebase-ios-sdk" */;
			productName = FirebaseAppCheck;
		};
		801C1E802BCFE7C500B8763C /* FirebaseAnalytics */ = {
			isa = XCSwiftPackageProductDependency;
			package = 801C1E672BCFE66C00B8763C /* XCRemoteSwiftPackageReference "firebase-ios-sdk" */;
			productName = FirebaseAnalytics;
		};
		801C1E822BCFE7C500B8763C /* FirebaseAnalyticsOnDeviceConversion */ = {
			isa = XCSwiftPackageProductDependency;
			package = 801C1E672BCFE66C00B8763C /* XCRemoteSwiftPackageReference "firebase-ios-sdk" */;
			productName = FirebaseAnalyticsOnDeviceConversion;
		};
		801C1E842BCFE7C500B8763C /* FirebaseAnalyticsSwift */ = {
			isa = XCSwiftPackageProductDependency;
			package = 801C1E672BCFE66C00B8763C /* XCRemoteSwiftPackageReference "firebase-ios-sdk" */;
			productName = FirebaseAnalyticsSwift;
		};
		801C1E862BCFE7C500B8763C /* FirebaseAnalyticsWithoutAdIdSupport */ = {
			isa = XCSwiftPackageProductDependency;
			package = 801C1E672BCFE66C00B8763C /* XCRemoteSwiftPackageReference "firebase-ios-sdk" */;
			productName = FirebaseAnalyticsWithoutAdIdSupport;
		};
		801C1E882BCFE7C500B8763C /* FirebaseAppCheck */ = {
			isa = XCSwiftPackageProductDependency;
			package = 801C1E672BCFE66C00B8763C /* XCRemoteSwiftPackageReference "firebase-ios-sdk" */;
			productName = FirebaseAppCheck;
		};
		801C1E8A2BCFE82100B8763C /* FirebaseAnalytics */ = {
			isa = XCSwiftPackageProductDependency;
			package = 801C1E672BCFE66C00B8763C /* XCRemoteSwiftPackageReference "firebase-ios-sdk" */;
			productName = FirebaseAnalytics;
		};
		801C1E8C2BCFE82100B8763C /* FirebaseAnalyticsOnDeviceConversion */ = {
			isa = XCSwiftPackageProductDependency;
			package = 801C1E672BCFE66C00B8763C /* XCRemoteSwiftPackageReference "firebase-ios-sdk" */;
			productName = FirebaseAnalyticsOnDeviceConversion;
		};
		801C1E8E2BCFE82100B8763C /* FirebaseAnalyticsSwift */ = {
			isa = XCSwiftPackageProductDependency;
			package = 801C1E672BCFE66C00B8763C /* XCRemoteSwiftPackageReference "firebase-ios-sdk" */;
			productName = FirebaseAnalyticsSwift;
		};
		801C1E902BCFE82100B8763C /* FirebaseAnalyticsWithoutAdIdSupport */ = {
			isa = XCSwiftPackageProductDependency;
			package = 801C1E672BCFE66C00B8763C /* XCRemoteSwiftPackageReference "firebase-ios-sdk" */;
			productName = FirebaseAnalyticsWithoutAdIdSupport;
		};
		801C1E922BCFE82100B8763C /* FirebaseAppCheck */ = {
			isa = XCSwiftPackageProductDependency;
			package = 801C1E672BCFE66C00B8763C /* XCRemoteSwiftPackageReference "firebase-ios-sdk" */;
			productName = FirebaseAppCheck;
		};
		801C1E942BCFE82100B8763C /* FirebaseAppDistribution-Beta */ = {
			isa = XCSwiftPackageProductDependency;
			package = 801C1E672BCFE66C00B8763C /* XCRemoteSwiftPackageReference "firebase-ios-sdk" */;
			productName = "FirebaseAppDistribution-Beta";
		};
		801C1E962BCFE82100B8763C /* FirebaseAuth */ = {
			isa = XCSwiftPackageProductDependency;
			package = 801C1E672BCFE66C00B8763C /* XCRemoteSwiftPackageReference "firebase-ios-sdk" */;
			productName = FirebaseAuth;
		};
		801C1E982BCFE82100B8763C /* FirebaseAuthCombine-Community */ = {
			isa = XCSwiftPackageProductDependency;
			package = 801C1E672BCFE66C00B8763C /* XCRemoteSwiftPackageReference "firebase-ios-sdk" */;
			productName = "FirebaseAuthCombine-Community";
		};
		801C1E9A2BCFE82100B8763C /* FirebaseCrashlytics */ = {
			isa = XCSwiftPackageProductDependency;
			package = 801C1E672BCFE66C00B8763C /* XCRemoteSwiftPackageReference "firebase-ios-sdk" */;
			productName = FirebaseCrashlytics;
		};
		801C1E9C2BCFE82100B8763C /* FirebaseDatabase */ = {
			isa = XCSwiftPackageProductDependency;
			package = 801C1E672BCFE66C00B8763C /* XCRemoteSwiftPackageReference "firebase-ios-sdk" */;
			productName = FirebaseDatabase;
		};
		801C1E9E2BCFE82100B8763C /* FirebaseDatabaseSwift */ = {
			isa = XCSwiftPackageProductDependency;
			package = 801C1E672BCFE66C00B8763C /* XCRemoteSwiftPackageReference "firebase-ios-sdk" */;
			productName = FirebaseDatabaseSwift;
		};
/* End XCSwiftPackageProductDependency section */
	};
	rootObject = 801C1E3E2BCFE4FC00B8763C /* Project object */;
}
